// !$*UTF8*$!
{
	archiveVersion = 1;
	classes = {
	};
	objectVersion = 46;
	objects = {

/* Begin PBXBuildFile section */
		6CEC004A1AB1F12C002E20BF /* main.m in Sources */ = {isa = PBXBuildFile; fileRef = 6CEC00491AB1F12C002E20BF /* main.m */; };
		6CEC00521AB1F14D002E20BF /* Problem04.m in Sources */ = {isa = PBXBuildFile; fileRef = 6CEC00511AB1F14D002E20BF /* Problem04.m */; };
/* End PBXBuildFile section */

/* Begin PBXCopyFilesBuildPhase section */
		6CEC00441AB1F12C002E20BF /* CopyFiles */ = {
			isa = PBXCopyFilesBuildPhase;
			buildActionMask = 2147483647;
			dstPath = /usr/share/man/man1/;
			dstSubfolderSpec = 0;
			files = (
			);
			runOnlyForDeploymentPostprocessing = 1;
		};
/* End PBXCopyFilesBuildPhase section */

/* Begin PBXFileReference section */
		6CEC00461AB1F12C002E20BF /* problem04 */ = {isa = PBXFileReference; explicitFileType = "compiled.mach-o.executable"; includeInIndex = 0; path = problem04; sourceTree = BUILT_PRODUCTS_DIR; };
		6CEC00491AB1F12C002E20BF /* main.m */ = {isa = PBXFileReference; lastKnownFileType = sourcecode.c.objc; path = main.m; sourceTree = "<group>"; };
		6CEC00501AB1F14D002E20BF /* Problem04.h */ = {isa = PBXFileReference; fileEncoding = 4; lastKnownFileType = sourcecode.c.h; path = Problem04.h; sourceTree = "<group>"; };
		6CEC00511AB1F14D002E20BF /* Problem04.m */ = {isa = PBXFileReference; fileEncoding = 4; lastKnownFileType = sourcecode.c.objc; path = Problem04.m; sourceTree = "<group>"; };
/* End PBXFileReference section */

/* Begin PBXFrameworksBuildPhase section */
		6CEC00431AB1F12C002E20BF /* Frameworks */ = {
			isa = PBXFrameworksBuildPhase;
			buildActionMask = 2147483647;
			files = (
			);
			runOnlyForDeploymentPostprocessing = 0;
		};
/* End PBXFrameworksBuildPhase section */

/* Begin PBXGroup section */
		6CEC003D1AB1F12C002E20BF = {
			isa = PBXGroup;
			children = (
				6CEC00481AB1F12C002E20BF /* problem04 */,
				6CEC00471AB1F12C002E20BF /* Products */,
			);
			sourceTree = "<group>";
		};
		6CEC00471AB1F12C002E20BF /* Products */ = {
			isa = PBXGroup;
			children = (
				6CEC00461AB1F12C002E20BF /* problem04 */,
			);
			name = Products;
			sourceTree = "<group>";
		};
		6CEC00481AB1F12C002E20BF /* problem04 */ = {
			isa = PBXGroup;
			children = (
				6CEC00491AB1F12C002E20BF /* main.m */,
				6CEC00501AB1F14D002E20BF /* Problem04.h */,
				6CEC00511AB1F14D002E20BF /* Problem04.m */,
			);
			path = problem04;
			sourceTree = "<group>";
		};
/* End PBXGroup section */

/* Begin PBXNativeTarget section */
		6CEC00451AB1F12C002E20BF /* problem04 */ = {
			isa = PBXNativeTarget;
			buildConfigurationList = 6CEC004D1AB1F12C002E20BF /* Build configuration list for PBXNativeTarget "problem04" */;
			buildPhases = (
				6CEC00421AB1F12C002E20BF /* Sources */,
				6CEC00431AB1F12C002E20BF /* Frameworks */,
				6CEC00441AB1F12C002E20BF /* CopyFiles */,
			);
			buildRules = (
			);
			dependencies = (
			);
			name = problem04;
			productName = problem04;
			productReference = 6CEC00461AB1F12C002E20BF /* problem04 */;
			productType = "com.apple.product-type.tool";
		};
/* End PBXNativeTarget section */

/* Begin PBXProject section */
		6CEC003E1AB1F12C002E20BF /* Project object */ = {
			isa = PBXProject;
			attributes = {
				LastUpgradeCheck = 0620;
				ORGANIZATIONNAME = "Dulio Denis";
				TargetAttributes = {
					6CEC00451AB1F12C002E20BF = {
						CreatedOnToolsVersion = 6.2;
					};
				};
			};
			buildConfigurationList = 6CEC00411AB1F12C002E20BF /* Build configuration list for PBXProject "problem04" */;
			compatibilityVersion = "Xcode 3.2";
			developmentRegion = English;
			hasScannedForEncodings = 0;
			knownRegions = (
				en,
			);
			mainGroup = 6CEC003D1AB1F12C002E20BF;
			productRefGroup = 6CEC00471AB1F12C002E20BF /* Products */;
			projectDirPath = "";
			projectRoot = "";
			targets = (
				6CEC00451AB1F12C002E20BF /* problem04 */,
			);
		};
/* End PBXProject section */

/* Begin PBXSourcesBuildPhase section */
		6CEC00421AB1F12C002E20BF /* Sources */ = {
			isa = PBXSourcesBuildPhase;
			buildActionMask = 2147483647;
			files = (
				6CEC004A1AB1F12C002E20BF /* main.m in Sources */,
				6CEC00521AB1F14D002E20BF /* Problem04.m in Sources */,
			);
			runOnlyForDeploymentPostprocessing = 0;
		};
/* End PBXSourcesBuildPhase section */

/* Begin XCBuildConfiguration section */
		6CEC004B1AB1F12C002E20BF /* Debug */ = {
			isa = XCBuildConfiguration;
			buildSettings = {
				ALWAYS_SEARCH_USER_PATHS = NO;
				CLANG_CXX_LANGUAGE_STANDARD = "gnu++0x";
				CLANG_CXX_LIBRARY = "libc++";
				CLANG_ENABLE_MODULES = YES;
				CLANG_ENABLE_OBJC_ARC = YES;
				CLANG_WARN_BOOL_CONVERSION = YES;
				CLANG_WARN_CONSTANT_CONVERSION = YES;
				CLANG_WARN_DIRECT_OBJC_ISA_USAGE = YES_ERROR;
				CLANG_WARN_EMPTY_BODY = YES;
				CLANG_WARN_ENUM_CONVERSION = YES;
				CLANG_WARN_INT_CONVERSION = YES;
				CLANG_WARN_OBJC_ROOT_CLASS = YES_ERROR;
				CLANG_WARN_UNREACHABLE_CODE = YES;
				CLANG_WARN__DUPLICATE_METHOD_MATCH = YES;
				COPY_PHASE_STRIP = NO;
				ENABLE_STRICT_OBJC_MSGSEND = YES;
				GCC_C_LANGUAGE_STANDARD = gnu99;
				GCC_DYNAMIC_NO_PIC = NO;
				GCC_OPTIMIZATION_LEVEL = 0;
				GCC_PREPROCESSOR_DEFINITIONS = (
					"DEBUG=1",
					"$(inherited)",
				);
				GCC_SYMBOLS_PRIVATE_EXTERN = NO;
				GCC_WARN_64_TO_32_BIT_CONVERSION = YES;
				GCC_WARN_ABOUT_RETURN_TYPE = YES_ERROR;
				GCC_WARN_UNDECLARED_SELECTOR = YES;
				GCC_WARN_UNINITIALIZED_AUTOS = YES_AGGRESSIVE;
				GCC_WARN_UNUSED_FUNCTION = YES;
				GCC_WARN_UNUSED_VARIABLE = YES;
				MACOSX_DEPLOYMENT_TARGET = 10.10;
				MTL_ENABLE_DEBUG_INFO = YES;
				ONLY_ACTIVE_ARCH = YES;
				SDKROOT = macosx;
			};
			name = Debug;
		};
		6CEC004C1AB1F12C002E20BF /* Release */ = {
			isa = XCBuildConfiguration;
			buildSettings = {
				ALWAYS_SEARCH_USER_PATHS = NO;
				CLANG_CXX_LANGUAGE_STANDARD = "gnu++0x";
				CLANG_CXX_LIBRARY = "libc++";
				CLANG_ENABLE_MODULES = YES;
				CLANG_ENABLE_OBJC_ARC = YES;
				CLANG_WARN_BOOL_CONVERSION = YES;
				CLANG_WARN_CONSTANT_CONVERSION = YES;
				CLANG_WARN_DIRECT_OBJC_ISA_USAGE = YES_ERROR;
				CLANG_WARN_EMPTY_BODY = YES;
				CLANG_WARN_ENUM_CONVERSION = YES;
				CLANG_WARN_INT_CONVERSION = YES;
				CLANG_WARN_OBJC_ROOT_CLASS = YES_ERROR;
				CLANG_WARN_UNREACHABLE_CODE = YES;
				CLANG_WARN__DUPLICATE_METHOD_MATCH = YES;
				COPY_PHASE_STRIP = NO;
				DEBUG_INFORMATION_FORMAT = "dwarf-with-dsym";
				ENABLE_NS_ASSERTIONS = NO;
				ENABLE_STRICT_OBJC_MSGSEND = YES;
				GCC_C_LANGUAGE_STANDARD = gnu99;
				GCC_WARN_64_TO_32_BIT_CONVERSION = YES;
				GCC_WARN_ABOUT_RETURN_TYPE = YES_ERROR;
				GCC_WARN_UNDECLARED_SELECTOR = YES;
				GCC_WARN_UNINITIALIZED_AUTOS = YES_AGGRESSIVE;
				GCC_WARN_UNUSED_FUNCTION = YES;
				GCC_WARN_UNUSED_VARIABLE = YES;
				MACOSX_DEPLOYMENT_TARGET = 10.10;
				MTL_ENABLE_DEBUG_INFO = NO;
				SDKROOT = macosx;
			};
			name = Release;
		};
		6CEC004E1AB1F12C002E20BF /* Debug */ = {
			isa = XCBuildConfiguration;
			buildSettings = {
				PRODUCT_NAME = "$(TARGET_NAME)";
			};
			name = Debug;
		};
		6CEC004F1AB1F12C002E20BF /* Release */ = {
			isa = XCBuildConfiguration;
			buildSettings = {
				PRODUCT_NAME = "$(TARGET_NAME)";
			};
			name = Release;
		};
/* End XCBuildConfiguration section */

/* Begin XCConfigurationList section */
		6CEC00411AB1F12C002E20BF /* Build configuration list for PBXProject "problem04" */ = {
			isa = XCConfigurationList;
			buildConfigurations = (
				6CEC004B1AB1F12C002E20BF /* Debug */,
				6CEC004C1AB1F12C002E20BF /* Release */,
			);
			defaultConfigurationIsVisible = 0;
			defaultConfigurationName = Release;
		};
		6CEC004D1AB1F12C002E20BF /* Build configuration list for PBXNativeTarget "problem04" */ = {
			isa = XCConfigurationList;
			buildConfigurations = (
				6CEC004E1AB1F12C002E20BF /* Debug */,
				6CEC004F1AB1F12C002E20BF /* Release */,
			);
			defaultConfigurationIsVisible = 0;
		};
/* End XCConfigurationList section */
	};
	rootObject = 6CEC003E1AB1F12C002E20BF /* Project object */;
}
