// !$*UTF8*$!
{
	archiveVersion = 1;
	classes = {
	};
	objectVersion = 46;
	objects = {

/* Begin PBXBuildFile section */
		6CA801931ABC7A4700CAF7F1 /* main.m in Sources */ = {isa = PBXBuildFile; fileRef = 6CA801921ABC7A4700CAF7F1 /* main.m */; };
		6CA8019B1ABC7A5D00CAF7F1 /* Problem07.m in Sources */ = {isa = PBXBuildFile; fileRef = 6CA8019A1ABC7A5D00CAF7F1 /* Problem07.m */; };
/* End PBXBuildFile section */

/* Begin PBXCopyFilesBuildPhase section */
		6CA8018D1ABC7A4700CAF7F1 /* CopyFiles */ = {
			isa = PBXCopyFilesBuildPhase;
			buildActionMask = 2147483647;
			dstPath = /usr/share/man/man1/;
			dstSubfolderSpec = 0;
			files = (
			);
			runOnlyForDeploymentPostprocessing = 1;
		};
/* End PBXCopyFilesBuildPhase section */

/* Begin PBXFileReference section */
		6CA8018F1ABC7A4700CAF7F1 /* problem07 */ = {isa = PBXFileReference; explicitFileType = "compiled.mach-o.executable"; includeInIndex = 0; path = problem07; sourceTree = BUILT_PRODUCTS_DIR; };
		6CA801921ABC7A4700CAF7F1 /* main.m */ = {isa = PBXFileReference; lastKnownFileType = sourcecode.c.objc; path = main.m; sourceTree = "<group>"; };
		6CA801991ABC7A5D00CAF7F1 /* Problem07.h */ = {isa = PBXFileReference; fileEncoding = 4; lastKnownFileType = sourcecode.c.h; path = Problem07.h; sourceTree = "<group>"; };
		6CA8019A1ABC7A5D00CAF7F1 /* Problem07.m */ = {isa = PBXFileReference; fileEncoding = 4; lastKnownFileType = sourcecode.c.objc; path = Problem07.m; sourceTree = "<group>"; };
/* End PBXFileReference section */

/* Begin PBXFrameworksBuildPhase section */
		6CA8018C1ABC7A4700CAF7F1 /* Frameworks */ = {
			isa = PBXFrameworksBuildPhase;
			buildActionMask = 2147483647;
			files = (
			);
			runOnlyForDeploymentPostprocessing = 0;
		};
/* End PBXFrameworksBuildPhase section */

/* Begin PBXGroup section */
		6CA801861ABC7A4700CAF7F1 = {
			isa = PBXGroup;
			children = (
				6CA801911ABC7A4700CAF7F1 /* problem07 */,
				6CA801901ABC7A4700CAF7F1 /* Products */,
			);
			sourceTree = "<group>";
		};
		6CA801901ABC7A4700CAF7F1 /* Products */ = {
			isa = PBXGroup;
			children = (
				6CA8018F1ABC7A4700CAF7F1 /* problem07 */,
			);
			name = Products;
			sourceTree = "<group>";
		};
		6CA801911ABC7A4700CAF7F1 /* problem07 */ = {
			isa = PBXGroup;
			children = (
				6CA801921ABC7A4700CAF7F1 /* main.m */,
				6CA801991ABC7A5D00CAF7F1 /* Problem07.h */,
				6CA8019A1ABC7A5D00CAF7F1 /* Problem07.m */,
			);
			path = problem07;
			sourceTree = "<group>";
		};
/* End PBXGroup section */

/* Begin PBXNativeTarget section */
		6CA8018E1ABC7A4700CAF7F1 /* problem07 */ = {
			isa = PBXNativeTarget;
			buildConfigurationList = 6CA801961ABC7A4700CAF7F1 /* Build configuration list for PBXNativeTarget "problem07" */;
			buildPhases = (
				6CA8018B1ABC7A4700CAF7F1 /* Sources */,
				6CA8018C1ABC7A4700CAF7F1 /* Frameworks */,
				6CA8018D1ABC7A4700CAF7F1 /* CopyFiles */,
			);
			buildRules = (
			);
			dependencies = (
			);
			name = problem07;
			productName = problem07;
			productReference = 6CA8018F1ABC7A4700CAF7F1 /* problem07 */;
			productType = "com.apple.product-type.tool";
		};
/* End PBXNativeTarget section */

/* Begin PBXProject section */
		6CA801871ABC7A4700CAF7F1 /* Project object */ = {
			isa = PBXProject;
			attributes = {
				LastUpgradeCheck = 0620;
				ORGANIZATIONNAME = "Dulio Denis";
				TargetAttributes = {
					6CA8018E1ABC7A4700CAF7F1 = {
						CreatedOnToolsVersion = 6.2;
					};
				};
			};
			buildConfigurationList = 6CA8018A1ABC7A4700CAF7F1 /* Build configuration list for PBXProject "problem07" */;
			compatibilityVersion = "Xcode 3.2";
			developmentRegion = English;
			hasScannedForEncodings = 0;
			knownRegions = (
				en,
			);
			mainGroup = 6CA801861ABC7A4700CAF7F1;
			productRefGroup = 6CA801901ABC7A4700CAF7F1 /* Products */;
			projectDirPath = "";
			projectRoot = "";
			targets = (
				6CA8018E1ABC7A4700CAF7F1 /* problem07 */,
			);
		};
/* End PBXProject section */

/* Begin PBXSourcesBuildPhase section */
		6CA8018B1ABC7A4700CAF7F1 /* Sources */ = {
			isa = PBXSourcesBuildPhase;
			buildActionMask = 2147483647;
			files = (
				6CA8019B1ABC7A5D00CAF7F1 /* Problem07.m in Sources */,
				6CA801931ABC7A4700CAF7F1 /* main.m in Sources */,
			);
			runOnlyForDeploymentPostprocessing = 0;
		};
/* End PBXSourcesBuildPhase section */

/* Begin XCBuildConfiguration section */
		6CA801941ABC7A4700CAF7F1 /* Debug */ = {
			isa = XCBuildConfiguration;
			buildSettings = {
				ALWAYS_SEARCH_USER_PATHS = NO;
				CLANG_CXX_LANGUAGE_STANDARD = "gnu++0x";
				CLANG_CXX_LIBRARY = "libc++";
				CLANG_ENABLE_MODULES = YES;
				CLANG_ENABLE_OBJC_ARC = YES;
				CLANG_WARN_BOOL_CONVERSION = YES;
				CLANG_WARN_CONSTANT_CONVERSION = YES;
				CLANG_WARN_DIRECT_OBJC_ISA_USAGE = YES_ERROR;
				CLANG_WARN_EMPTY_BODY = YES;
				CLANG_WARN_ENUM_CONVERSION = YES;
				CLANG_WARN_INT_CONVERSION = YES;
				CLANG_WARN_OBJC_ROOT_CLASS = YES_ERROR;
				CLANG_WARN_UNREACHABLE_CODE = YES;
				CLANG_WARN__DUPLICATE_METHOD_MATCH = YES;
				COPY_PHASE_STRIP = NO;
				ENABLE_STRICT_OBJC_MSGSEND = YES;
				GCC_C_LANGUAGE_STANDARD = gnu99;
				GCC_DYNAMIC_NO_PIC = NO;
				GCC_OPTIMIZATION_LEVEL = 0;
				GCC_PREPROCESSOR_DEFINITIONS = (
					"DEBUG=1",
					"$(inherited)",
				);
				GCC_SYMBOLS_PRIVATE_EXTERN = NO;
				GCC_WARN_64_TO_32_BIT_CONVERSION = YES;
				GCC_WARN_ABOUT_RETURN_TYPE = YES_ERROR;
				GCC_WARN_UNDECLARED_SELECTOR = YES;
				GCC_WARN_UNINITIALIZED_AUTOS = YES_AGGRESSIVE;
				GCC_WARN_UNUSED_FUNCTION = YES;
				GCC_WARN_UNUSED_VARIABLE = YES;
				MACOSX_DEPLOYMENT_TARGET = 10.10;
				MTL_ENABLE_DEBUG_INFO = YES;
				ONLY_ACTIVE_ARCH = YES;
				SDKROOT = macosx;
			};
			name = Debug;
		};
		6CA801951ABC7A4700CAF7F1 /* Release */ = {
			isa = XCBuildConfiguration;
			buildSettings = {
				ALWAYS_SEARCH_USER_PATHS = NO;
				CLANG_CXX_LANGUAGE_STANDARD = "gnu++0x";
				CLANG_CXX_LIBRARY = "libc++";
				CLANG_ENABLE_MODULES = YES;
				CLANG_ENABLE_OBJC_ARC = YES;
				CLANG_WARN_BOOL_CONVERSION = YES;
				CLANG_WARN_CONSTANT_CONVERSION = YES;
				CLANG_WARN_DIRECT_OBJC_ISA_USAGE = YES_ERROR;
				CLANG_WARN_EMPTY_BODY = YES;
				CLANG_WARN_ENUM_CONVERSION = YES;
				CLANG_WARN_INT_CONVERSION = YES;
				CLANG_WARN_OBJC_ROOT_CLASS = YES_ERROR;
				CLANG_WARN_UNREACHABLE_CODE = YES;
				CLANG_WARN__DUPLICATE_METHOD_MATCH = YES;
				COPY_PHASE_STRIP = NO;
				DEBUG_INFORMATION_FORMAT = "dwarf-with-dsym";
				ENABLE_NS_ASSERTIONS = NO;
				ENABLE_STRICT_OBJC_MSGSEND = YES;
				GCC_C_LANGUAGE_STANDARD = gnu99;
				GCC_WARN_64_TO_32_BIT_CONVERSION = YES;
				GCC_WARN_ABOUT_RETURN_TYPE = YES_ERROR;
				GCC_WARN_UNDECLARED_SELECTOR = YES;
				GCC_WARN_UNINITIALIZED_AUTOS = YES_AGGRESSIVE;
				GCC_WARN_UNUSED_FUNCTION = YES;
				GCC_WARN_UNUSED_VARIABLE = YES;
				MACOSX_DEPLOYMENT_TARGET = 10.10;
				MTL_ENABLE_DEBUG_INFO = NO;
				SDKROOT = macosx;
			};
			name = Release;
		};
		6CA801971ABC7A4700CAF7F1 /* Debug */ = {
			isa = XCBuildConfiguration;
			buildSettings = {
				PRODUCT_NAME = "$(TARGET_NAME)";
			};
			name = Debug;
		};
		6CA801981ABC7A4700CAF7F1 /* Release */ = {
			isa = XCBuildConfiguration;
			buildSettings = {
				PRODUCT_NAME = "$(TARGET_NAME)";
			};
			name = Release;
		};
/* End XCBuildConfiguration section */

/* Begin XCConfigurationList section */
		6CA8018A1ABC7A4700CAF7F1 /* Build configuration list for PBXProject "problem07" */ = {
			isa = XCConfigurationList;
			buildConfigurations = (
				6CA801941ABC7A4700CAF7F1 /* Debug */,
				6CA801951ABC7A4700CAF7F1 /* Release */,
			);
			defaultConfigurationIsVisible = 0;
			defaultConfigurationName = Release;
		};
		6CA801961ABC7A4700CAF7F1 /* Build configuration list for PBXNativeTarget "problem07" */ = {
			isa = XCConfigurationList;
			buildConfigurations = (
				6CA801971ABC7A4700CAF7F1 /* Debug */,
				6CA801981ABC7A4700CAF7F1 /* Release */,
			);
			defaultConfigurationIsVisible = 0;
		};
/* End XCConfigurationList section */
	};
	rootObject = 6CA801871ABC7A4700CAF7F1 /* Project object */;
}
